// !$*UTF8*$!
{
	archiveVersion = 1;
	classes = {
	};
	objectVersion = 46;
	objects = {
/* Begin PBXBuildFile section */
		050376D01CE34461A2FB59A1 /* RequestHandlerProvider.swift in Sources */ = {isa = PBXBuildFile; fileRef = 517630EF280249C5B4D8A563 /* RequestHandlerProvider.swift */; };
		06E1C191C72C4BB6B6CB5E08 /* ElectrodeEventRegistrar.h in Headers */ = {isa = PBXBuildFile; fileRef = 82485222571C4B26AC2D234C /* ElectrodeEventRegistrar.h */; };
		06F88AE2209A4DBFA4C364B5 /* EnNavigationApiRequestHandlerProvider.swift in Sources */ = {isa = PBXBuildFile; fileRef = 39092883E7E24A3FB9CE23D0 /* EnNavigationApiRequestHandlerProvider.swift */; };
		105C1FDCA1D0424EA564204D /* ElectrodeBridgeTransaction.m in Sources */ = {isa = PBXBuildFile; fileRef = 1F88599AC1B249DDAC538EEB /* ElectrodeBridgeTransaction.m */; };
		109B566E1F1A4D0BA7905789 /* ElectrodeBridgeProtocols.h in Headers */ = {isa = PBXBuildFile; fileRef = A854E0C2D8D1414D940AB5FC /* ElectrodeBridgeProtocols.h */; settings = {ATTRIBUTES = (Public, ); }; };
		17FCACA13E91420CAC453FB0 /* ENCoreDelegate.swift in Sources */ = {isa = PBXBuildFile; fileRef = 31AB9EC2A0C44DC198D6D36E /* ENCoreDelegate.swift */; };
		1E2F1875B4284EEAA65312FF /* ElectrodeBridgeMessage.m in Sources */ = {isa = PBXBuildFile; fileRef = 26CF5FADE0444A7786D0790D /* ElectrodeBridgeMessage.m */; };
		223A89461E89CDC70092741E /* MiniApp.jsbundle in Resources */ = {isa = PBXBuildFile; fileRef = 223A89451E89CDC70092741E /* MiniApp.jsbundle */; };
		22580E48AD364579A56E070A /* EventProcessor.swift in Sources */ = {isa = PBXBuildFile; fileRef = 5F6C4A4AA86C45BC9A9CD158 /* EventProcessor.swift */; };
		22BF1FEB1E8DAAF800E7F500 /* assets in Resources */ = {isa = PBXBuildFile; fileRef = 22BF1FEA1E8DAAF800E7F500 /* assets */; };
		241C2FF1A41E4410AE8D10CA /* ENNavigationUtils.swift in Sources */ = {isa = PBXBuildFile; fileRef = 0D799855148C41428DF80B86 /* ENNavigationUtils.swift */; };
		25F7997314434449A5ED6B28 /* ElectrodeBridgeMessage.h in Headers */ = {isa = PBXBuildFile; fileRef = 8E738CFA34974DCE942C71A8 /* ElectrodeBridgeMessage.h */; settings = {ATTRIBUTES = (Public, ); }; };
		3002F2EECBA948A2BF98FD3E /* ENMiniAppDataProvider.swift in Sources */ = {isa = PBXBuildFile; fileRef = 8FA9A45D173C4C2CB3A32BF0 /* ENMiniAppDataProvider.swift */; };
		301CB9021F33F3450048C58B /* NSBundle+frameworkBundle.m in Sources */ = {isa = PBXBuildFile; fileRef = 301CB9001F33F3450048C58B /* NSBundle+frameworkBundle.m */; };
		301CB9031F33F3450048C58B /* NSBundle+frameworkBundle.h in Headers */ = {isa = PBXBuildFile; fileRef = 301CB9011F33F3450048C58B /* NSBundle+frameworkBundle.h */; };
		304000E82098E1F000BF751C /* ElectrodePluginConfig.h in Headers */ = {isa = PBXBuildFile; fileRef = 304000E72098E1F000BF751C /* ElectrodePluginConfig.h */; settings = {ATTRIBUTES = (Public, ); }; };
		30F8CDEE1E67946E00413247 /* ElectrodeReactNative_Internal.h in Headers */ = {isa = PBXBuildFile; fileRef = 30F8CDED1E67946E00413247 /* ElectrodeReactNative_Internal.h */; };
		31D91D71383643719DDDA170 /* MiniAppsConfig.swift in Sources */ = {isa = PBXBuildFile; fileRef = AC1B0AD87A374BFDBEBF5C23 /* MiniAppsConfig.swift */; };
		3F4F2B570C5D400F91874EA6 /* ElectrodeRequestRegistrar.h in Headers */ = {isa = PBXBuildFile; fileRef = 905A7591EA7A44E3B94CB984 /* ElectrodeRequestRegistrar.h */; };
		41FDD85EE06E42CBAC87E0BF /* ElectrodeRequestRegistrar.m in Sources */ = {isa = PBXBuildFile; fileRef = 0B8F0994F3DA48D6B1752A6B /* ElectrodeRequestRegistrar.m */; };
		43048B40DD9C44C38D47A065 /* ElectrodeUtilities.swift in Sources */ = {isa = PBXBuildFile; fileRef = C0F2B753337B4C81BB341A3A /* ElectrodeUtilities.swift */; };
		4412A26829DA44C79370F551 /* ElectrodeEventRegistrar.m in Sources */ = {isa = PBXBuildFile; fileRef = 650DB67789434A16ABB1F9CB /* ElectrodeEventRegistrar.m */; };
		4416A2EC8899447FBBA16AE9 /* NavigationBar.swift in Headers */ = {isa = PBXBuildFile; fileRef = BBFE6C51A0124C85923FE03E /* NavigationBar.swift */; settings = {ATTRIBUTES = (Public, ); }; };
		45C8A9CABC4F46EE91E9F2F0 /* NavigationBar.swift in Sources */ = {isa = PBXBuildFile; fileRef = BBFE6C51A0124C85923FE03E /* NavigationBar.swift */; };
		485009ED1E2FF23C009B6610 /* ElectrodeContainer.framework in Frameworks */ = {isa = PBXBuildFile; fileRef = 485009E31E2FF23B009B6610 /* ElectrodeContainer.framework */; };
		485009F41E2FF23C009B6610 /* ElectrodeContainer.h in Headers */ = {isa = PBXBuildFile; fileRef = 485009E61E2FF23B009B6610 /* ElectrodeContainer.h */; settings = {ATTRIBUTES = (Public, ); }; };
		48500A981E2FF55B009B6610 /* ElectrodeReactNative.h in Headers */ = {isa = PBXBuildFile; fileRef = 48500A961E2FF55B009B6610 /* ElectrodeReactNative.h */; settings = {ATTRIBUTES = (Public, ); }; };
		48500A991E2FF55B009B6610 /* ElectrodeReactNative.m in Sources */ = {isa = PBXBuildFile; fileRef = 48500A971E2FF55B009B6610 /* ElectrodeReactNative.m */; };
		48EE7764F3DC4E6EA532B220 /* ElectrodeBridgeTransceiver.m in Sources */ = {isa = PBXBuildFile; fileRef = 9153D03586BF4AF18F19D753 /* ElectrodeBridgeTransceiver.m */; };
		4A657F0856FC4135B87EEDED /* EnNavigationRequests.swift in Headers */ = {isa = PBXBuildFile; fileRef = BF214A5A6ED74CC0BE9836C1 /* EnNavigationRequests.swift */; settings = {ATTRIBUTES = (Public, ); }; };
		4FB552E07EE3ABB175864300 /* libPods-ElectrodeContainer.a in Frameworks */ = {isa = PBXBuildFile; fileRef = 5843C5C6D1E2DB2F1DEC1523 /* libPods-ElectrodeContainer.a */; };
		530E706146304B6B96090AD0 /* ElectrodeObject.swift in Sources */ = {isa = PBXBuildFile; fileRef = 13C142F5A2E34C33A9F09B7D /* ElectrodeObject.swift */; };
		53CF513533C64189A195F81D /* ElectrodeLogger.h in Headers */ = {isa = PBXBuildFile; fileRef = 1FA6E9864F144DC7B4EBF47E /* ElectrodeLogger.h */; settings = {ATTRIBUTES = (Public, ); }; };
		586BA86A805B4CF1B43C6450 /* NavigationBarLeftButton.swift in Headers */ = {isa = PBXBuildFile; fileRef = 9020611C2BE847C0836D6537 /* NavigationBarLeftButton.swift */; settings = {ATTRIBUTES = (Public, ); }; };
		5E1922E080E744E999930641 /* ElectrodeBridgeTransceiver_Internal.h in Headers */ = {isa = PBXBuildFile; fileRef = 635367EAF9A44345BA33E034 /* ElectrodeBridgeTransceiver_Internal.h */; };
		5F057FCDC0B34AB79DC7F0A1 /* ENMiniAppDataProvider.swift in Headers */ = {isa = PBXBuildFile; fileRef = 8FA9A45D173C4C2CB3A32BF0 /* ENMiniAppDataProvider.swift */; settings = {ATTRIBUTES = (Public, ); }; };
		5FD1374AC8844FD08873F0A4 /* Processor.swift in Sources */ = {isa = PBXBuildFile; fileRef = 5D41F6E753314347A778C553 /* Processor.swift */; };
		604F5CB1949F48A686BF5EBA /* ElectrodeEventDispatcher.h in Headers */ = {isa = PBXBuildFile; fileRef = BBEDAC01E07E4DDF87CD01D3 /* ElectrodeEventDispatcher.h */; };
		61B6CB37E2614DFD9CCF2038 /* EnNavigationApiRequestHandlerDelegate.swift in Sources */ = {isa = PBXBuildFile; fileRef = FA4275A6EF3940DC892398D5 /* EnNavigationApiRequestHandlerDelegate.swift */; };
		69426244E8AF472B88E8314C /* ElectrodeBridgeProtocols.m in Sources */ = {isa = PBXBuildFile; fileRef = 3B518B3368834048BAA4ACBC /* ElectrodeBridgeProtocols.m */; };
		6B4765973EB24C3D9E8A9B3B /* ElectrodeRequestHandlerProcessor.swift in Sources */ = {isa = PBXBuildFile; fileRef = EA26E6D79E5B4716A6F8612A /* ElectrodeRequestHandlerProcessor.swift */; };
		6F347C3EFE7D43CEA75811F1 /* NavEventData.swift in Headers */ = {isa = PBXBuildFile; fileRef = F9AB2752EF0442E1ADB63190 /* NavEventData.swift */; settings = {ATTRIBUTES = (Public, ); }; };
		7851848742734720ADBA821B /* ElectrodeBridgeHolder.h in Headers */ = {isa = PBXBuildFile; fileRef = ACBB5D44EA4F4F95B92F650F /* ElectrodeBridgeHolder.h */; settings = {ATTRIBUTES = (Public, ); }; };
		78D68ADFB5F64CF58896B00E /* ElectrodeLogger.m in Sources */ = {isa = PBXBuildFile; fileRef = E7832BCAFFD94ABB9F7B0767 /* ElectrodeLogger.m */; };
		7987D0F689E445B69C73D064 /* ENOverlayProtocol.swift in Sources */ = {isa = PBXBuildFile; fileRef = 7E736F5CE7574A98A1117565 /* ENOverlayProtocol.swift */; };
		7E2A8FF652D74E02833998FD /* ElectrodeBridgeHolder.m in Sources */ = {isa = PBXBuildFile; fileRef = 1C7BC45EE27C4A4F9A8EEBF3 /* ElectrodeBridgeHolder.m */; };
		7F3319C0D0084B06AAFE8013 /* ElectrodeEventDispatcher.m in Sources */ = {isa = PBXBuildFile; fileRef = 0ABBF9871317482689C4876E /* ElectrodeEventDispatcher.m */; };
		847BE0A2328C4EBBA3184A3B /* ElectrodeBridgeResponse.h in Headers */ = {isa = PBXBuildFile; fileRef = 7C8AD40735B344AFB3388709 /* ElectrodeBridgeResponse.h */; };
		854C0E69822A4D2BA4A099E0 /* ElectrodeBridgeFailureMessage.m in Sources */ = {isa = PBXBuildFile; fileRef = 9B8D316DC3274CABBD0F061E /* ElectrodeBridgeFailureMessage.m */; };
		8A63F61EF5CE42889E507D77 /* RequestHandlerConfig.swift in Sources */ = {isa = PBXBuildFile; fileRef = 844DDF31EA9444D1BC8FD68A /* RequestHandlerConfig.swift */; };
		902A35010366402283CAC399 /* NavigationBarLeftButton.swift in Sources */ = {isa = PBXBuildFile; fileRef = 9020611C2BE847C0836D6537 /* NavigationBarLeftButton.swift */; };
		954EEC59AA0B4164AD71CC1E /* EnNavigationAPI.swift in Sources */ = {isa = PBXBuildFile; fileRef = 12E1D252575B44A084320B73 /* EnNavigationAPI.swift */; };
		9582185EF05E4B30A8932175 /* NavEventData.swift in Sources */ = {isa = PBXBuildFile; fileRef = F9AB2752EF0442E1ADB63190 /* NavEventData.swift */; };
		968333D71E54E3470031C565 /* ElectrodeBridgeDelegate.h in Headers */ = {isa = PBXBuildFile; fileRef = 968333D51E54E3470031C565 /* ElectrodeBridgeDelegate.h */; };
		968333D81E54E3470031C565 /* ElectrodeBridgeDelegate.m in Sources */ = {isa = PBXBuildFile; fileRef = 968333D61E54E3470031C565 /* ElectrodeBridgeDelegate.m */; };
		9840FBA013D54A3B9832A6C7 /* ElectrodeRequestProcessor.swift in Sources */ = {isa = PBXBuildFile; fileRef = 258BB6AF610E41AAA63CD05C /* ElectrodeRequestProcessor.swift */; };
		9E8DA77FACE04B9289CCF67F /* ENNavigationAPIImpl.swift in Sources */ = {isa = PBXBuildFile; fileRef = EF952E5B243F43A4A373B53D /* ENNavigationAPIImpl.swift */; };
		A05969539D294DFB815425F6 /* ElectrodeRequestDispatcher.m in Sources */ = {isa = PBXBuildFile; fileRef = 0FDBF04372A6480B89D61A47 /* ElectrodeRequestDispatcher.m */; };
		A66797F3563C41AFA7D4465F /* MiniAppNavViewController.swift in Sources */ = {isa = PBXBuildFile; fileRef = C365057B1BAB4156BBAF5B8A /* MiniAppNavViewController.swift */; };
		A9C645BD348B424A9F15FB98 /* ElectrodeBridgeTransceiver.h in Headers */ = {isa = PBXBuildFile; fileRef = B73C00C5710F4C7C92CB5201 /* ElectrodeBridgeTransceiver.h */; };
		A9F3F7AFAC7F41DCAB41FE1C /* EndeavorminiappNavigationController.swift in Sources */ = {isa = PBXBuildFile; fileRef = 5E1D68B040B842B685791456 /* EndeavorminiappNavigationController.swift */; };
		AB81FC99C9AA4E87885DE56B /* ElectrodeBridgeFailureMessage.h in Headers */ = {isa = PBXBuildFile; fileRef = 954147A038204EFAAC17DDB4 /* ElectrodeBridgeFailureMessage.h */; settings = {ATTRIBUTES = (Public, ); }; };
		B57D6E17447B464ABED90DDC /* ENNavigationDelegate.swift in Sources */ = {isa = PBXBuildFile; fileRef = 3D2071686C904AA4BF59D7F3 /* ENNavigationDelegate.swift */; };
		BBAA68E5B4EE4C89B19DEFF3 /* ElectrodeBridgeEvent.h in Headers */ = {isa = PBXBuildFile; fileRef = 4BF2DE4F69D945CC863619A2 /* ElectrodeBridgeEvent.h */; settings = {ATTRIBUTES = (Public, ); }; };
		C64885A081514B68B97F0FA0 /* ElectrodeBridgeResponse.m in Sources */ = {isa = PBXBuildFile; fileRef = 68E408C5069A4CEAA93162F8 /* ElectrodeBridgeResponse.m */; };
		C94456E738E8428091595A07 /* ENMiniAppNavDataProvider.swift in Sources */ = {isa = PBXBuildFile; fileRef = 2F592A12741C47D28F9F69E5 /* ENMiniAppNavDataProvider.swift */; };
		C99DFC6C95D6400E866EBCC2 /* ElectrodeBridgeRequest.h in Headers */ = {isa = PBXBuildFile; fileRef = 5566781B116641E596809E08 /* ElectrodeBridgeRequest.h */; settings = {ATTRIBUTES = (Public, ); }; };
		CDF6550D1BFD48E89EE5A7DB /* ENBaseNavigationController.swift in Sources */ = {isa = PBXBuildFile; fileRef = C9C46827947E4F04877EAA89 /* ENBaseNavigationController.swift */; };
		D1757E6A17C54CE89232CCB8 /* EnNavigationAPI.swift in Headers */ = {isa = PBXBuildFile; fileRef = 12E1D252575B44A084320B73 /* EnNavigationAPI.swift */; settings = {ATTRIBUTES = (Public, ); }; };
		D18D55EE9AFA47D08EFA2A7F /* ElectrodeReactNativeBridge.h in Headers */ = {isa = PBXBuildFile; fileRef = 596F214C5E4D4CD7B7B22545 /* ElectrodeReactNativeBridge.h */; };
		D1FFF7D79E904743A0ABEC7E /* ElectrodeBridgeRequest.m in Sources */ = {isa = PBXBuildFile; fileRef = 7135AB341F534880AA7AA6B2 /* ElectrodeBridgeRequest.m */; };
		D468627759724637A4B7BBAF /* EnNavigationApiController.swift in Sources */ = {isa = PBXBuildFile; fileRef = 4CF5E0F1E746430DB099EE52 /* EnNavigationApiController.swift */; };
		D63B08D370B64C1AB4B37805 /* ErnNavRoute.swift in Sources */ = {isa = PBXBuildFile; fileRef = 22BF83A8BF2F49519A45A196 /* ErnNavRoute.swift */; };
		D7A02C290D094AC1AD31BB53 /* ElectrodeBridgeEvent.m in Sources */ = {isa = PBXBuildFile; fileRef = D138218804A947F9B750F82E /* ElectrodeBridgeEvent.m */; };
		D835707FAFF14E48920B292F /* None.swift in Sources */ = {isa = PBXBuildFile; fileRef = 8F299F751EDD4DDFBDA221A5 /* None.swift */; };
		DA42DF5D233C1B0500046338 /* ElectrodeBundle.m in Sources */ = {isa = PBXBuildFile; fileRef = DA42DF59233C1B0500046338 /* ElectrodeBundle.m */; };
		DA42DF5E233C1B0500046338 /* ERNDevSettingsViewController.m in Sources */ = {isa = PBXBuildFile; fileRef = DA42DF5A233C1B0500046338 /* ERNDevSettingsViewController.m */; };
		DA42DF5F233C1B0500046338 /* ElectrodeBundle.h in Headers */ = {isa = PBXBuildFile; fileRef = DA42DF5B233C1B0500046338 /* ElectrodeBundle.h */; };
		DA42DF60233C1B0500046338 /* ERNDevSettingsViewController.h in Headers */ = {isa = PBXBuildFile; fileRef = DA42DF5C233C1B0500046338 /* ERNDevSettingsViewController.h */; };
		DA768615B1BD4DF48523D766 /* ElectrodeRequestDispatcher.h in Headers */ = {isa = PBXBuildFile; fileRef = 6FDFAF8AAC9048BF835AA683 /* ElectrodeRequestDispatcher.h */; };
		E0347089B953488591ED412F /* ENBarButtonItem.swift in Sources */ = {isa = PBXBuildFile; fileRef = 363C76304C564E0590FB448C /* ENBarButtonItem.swift */; };
		E1999A360211461BA146E502 /* ErnNavRoute.swift in Headers */ = {isa = PBXBuildFile; fileRef = 22BF83A8BF2F49519A45A196 /* ErnNavRoute.swift */; settings = {ATTRIBUTES = (Public, ); }; };
		E2935FB8095A4AAAB1E8CC64 /* ENCoreDelegate.swift in Headers */ = {isa = PBXBuildFile; fileRef = 31AB9EC2A0C44DC198D6D36E /* ENCoreDelegate.swift */; settings = {ATTRIBUTES = (Public, ); }; };
		E2BA67683CFD4BD6B001C584 /* EventListenerProcessor.swift in Sources */ = {isa = PBXBuildFile; fileRef = 2674349151884BE0A311646D /* EventListenerProcessor.swift */; };
		E72A1E736357429398E770D7 /* ENNavigationProtocol.swift in Sources */ = {isa = PBXBuildFile; fileRef = A6DEA9C6E19E481C832AC337 /* ENNavigationProtocol.swift */; };
		EB31E43111484F088B219380 /* NavigationBarButton.swift in Sources */ = {isa = PBXBuildFile; fileRef = 62206D65DA7243969B953A16 /* NavigationBarButton.swift */; };
		EFF04712DAEA4F8D8DFCB996 /* ENNavigationBarState.swift in Sources */ = {isa = PBXBuildFile; fileRef = 18813FAC2B2F41A4AC526C31 /* ENNavigationBarState.swift */; };
		F150D79DF2EA41CBB0F031D8 /* NavigationBarButton.swift in Headers */ = {isa = PBXBuildFile; fileRef = 62206D65DA7243969B953A16 /* NavigationBarButton.swift */; settings = {ATTRIBUTES = (Public, ); }; };
		F4BFE7D5335A418094634683 /* Bridgeable.swift in Sources */ = {isa = PBXBuildFile; fileRef = B5B9D6ECFF7A4B1A83C29A3D /* Bridgeable.swift */; };
		F6C40D69D86745F5BA94D3D9 /* ElectrodeBridgeTransaction.h in Headers */ = {isa = PBXBuildFile; fileRef = 334A14B9DB874EB989534BC2 /* ElectrodeBridgeTransaction.h */; };
		F8688938635944CFB98909CE /* EnNavigationEvents.swift in Sources */ = {isa = PBXBuildFile; fileRef = A3D47E307B2F4B34A3265A6B /* EnNavigationEvents.swift */; };
		F982C5011D0C46838578586E /* EnNavigationRequests.swift in Sources */ = {isa = PBXBuildFile; fileRef = BF214A5A6ED74CC0BE9836C1 /* EnNavigationRequests.swift */; };
		FDEE120A9A6143B085EDE95E /* EnNavigationEvents.swift in Headers */ = {isa = PBXBuildFile; fileRef = A3D47E307B2F4B34A3265A6B /* EnNavigationEvents.swift */; settings = {ATTRIBUTES = (Public, ); }; };
/* End PBXBuildFile section */

/* Begin PBXContainerItemProxy section */
		485009EE1E2FF23C009B6610 /* PBXContainerItemProxy */ = {
			isa = PBXContainerItemProxy;
			containerPortal = 485009DA1E2FF23B009B6610 /* Project object */;
			proxyType = 1;
			remoteGlobalIDString = 485009E21E2FF23B009B6610;
			remoteInfo = ElectrodeContainer;
		};
/* End PBXContainerItemProxy section */

/* Begin PBXCopyFilesBuildPhase section */
		9C2FE58C23EBF1750014DB26 /* Embed Frameworks */ = {
			isa = PBXCopyFilesBuildPhase;
			buildActionMask = 2147483647;
			dstPath = "";
			dstSubfolderSpec = 10;
			files = (
			);
			name = "Embed Frameworks";
			runOnlyForDeploymentPostprocessing = 0;
		};
/* End PBXCopyFilesBuildPhase section */

/* Begin PBXFileReference section */
		0ABBF9871317482689C4876E /* ElectrodeEventDispatcher.m */ = {isa = PBXFileReference; explicitFileType = undefined; fileEncoding = 4; includeInIndex = 0; lastKnownFileType = sourcecode.c.objc; name = ElectrodeEventDispatcher.m; path = ElectrodeReactNativeBridge/ElectrodeEventDispatcher.m; sourceTree = "<group>"; };
		0B8F0994F3DA48D6B1752A6B /* ElectrodeRequestRegistrar.m */ = {isa = PBXFileReference; explicitFileType = undefined; fileEncoding = 4; includeInIndex = 0; lastKnownFileType = sourcecode.c.objc; name = ElectrodeRequestRegistrar.m; path = ElectrodeReactNativeBridge/ElectrodeRequestRegistrar.m; sourceTree = "<group>"; };
		0D799855148C41428DF80B86 /* ENNavigationUtils.swift */ = {isa = PBXFileReference; explicitFileType = undefined; fileEncoding = 4; includeInIndex = 0; lastKnownFileType = sourcecode.swift; name = ENNavigationUtils.swift; path = APIImpls/ENNavigationUtils.swift; sourceTree = "<group>"; };
		0FDBF04372A6480B89D61A47 /* ElectrodeRequestDispatcher.m */ = {isa = PBXFileReference; explicitFileType = undefined; fileEncoding = 4; includeInIndex = 0; lastKnownFileType = sourcecode.c.objc; name = ElectrodeRequestDispatcher.m; path = ElectrodeReactNativeBridge/ElectrodeRequestDispatcher.m; sourceTree = "<group>"; };
		12E1D252575B44A084320B73 /* EnNavigationAPI.swift */ = {isa = PBXFileReference; explicitFileType = undefined; fileEncoding = 4; includeInIndex = 0; lastKnownFileType = sourcecode.swift; name = EnNavigationAPI.swift; path = APIs/EnNavigationAPI.swift; sourceTree = "<group>"; };
		13C142F5A2E34C33A9F09B7D /* ElectrodeObject.swift */ = {isa = PBXFileReference; explicitFileType = undefined; fileEncoding = 4; includeInIndex = 0; lastKnownFileType = sourcecode.swift; name = ElectrodeObject.swift; path = ElectrodeReactNativeBridge/ElectrodeObject.swift; sourceTree = "<group>"; };
		17C94C4553C4C9620A6BC361 /* Pods-ElectrodeContainer.qadeployment.xcconfig */ = {isa = PBXFileReference; includeInIndex = 1; lastKnownFileType = text.xcconfig; name = "Pods-ElectrodeContainer.qadeployment.xcconfig"; path = "Target Support Files/Pods-ElectrodeContainer/Pods-ElectrodeContainer.qadeployment.xcconfig"; sourceTree = "<group>"; };
		18813FAC2B2F41A4AC526C31 /* ENNavigationBarState.swift */ = {isa = PBXFileReference; explicitFileType = undefined; fileEncoding = 4; includeInIndex = 0; lastKnownFileType = sourcecode.swift; name = ENNavigationBarState.swift; path = APIImpls/ENNavigationBarState.swift; sourceTree = "<group>"; };
		1C7BC45EE27C4A4F9A8EEBF3 /* ElectrodeBridgeHolder.m */ = {isa = PBXFileReference; explicitFileType = undefined; fileEncoding = 4; includeInIndex = 0; lastKnownFileType = sourcecode.c.objc; name = ElectrodeBridgeHolder.m; path = ElectrodeReactNativeBridge/ElectrodeBridgeHolder.m; sourceTree = "<group>"; };
		1F88599AC1B249DDAC538EEB /* ElectrodeBridgeTransaction.m */ = {isa = PBXFileReference; explicitFileType = undefined; fileEncoding = 4; includeInIndex = 0; lastKnownFileType = sourcecode.c.objc; name = ElectrodeBridgeTransaction.m; path = ElectrodeReactNativeBridge/ElectrodeBridgeTransaction.m; sourceTree = "<group>"; };
		1FA6E9864F144DC7B4EBF47E /* ElectrodeLogger.h */ = {isa = PBXFileReference; explicitFileType = undefined; fileEncoding = 4; includeInIndex = 0; lastKnownFileType = sourcecode.c.h; name = ElectrodeLogger.h; path = ElectrodeReactNativeBridge/ElectrodeLogger.h; sourceTree = "<group>"; };
		223A89451E89CDC70092741E /* MiniApp.jsbundle */ = {isa = PBXFileReference; fileEncoding = 4; lastKnownFileType = text; path = MiniApp.jsbundle; sourceTree = "<group>"; };
		2265A4A11EB26943007D6C3D /* Info.plist */ = {isa = PBXFileReference; fileEncoding = 4; lastKnownFileType = text.plist.xml; path = Info.plist; sourceTree = "<group>"; };
		22BF1FEA1E8DAAF800E7F500 /* assets */ = {isa = PBXFileReference; lastKnownFileType = folder; path = assets; sourceTree = "<group>"; };
		22BF83A8BF2F49519A45A196 /* ErnNavRoute.swift */ = {isa = PBXFileReference; explicitFileType = undefined; fileEncoding = 4; includeInIndex = 0; lastKnownFileType = sourcecode.swift; name = ErnNavRoute.swift; path = APIs/ErnNavRoute.swift; sourceTree = "<group>"; };
		22CB683D20C9C46A0031A349 /* Project-QADeployment.xcconfig */ = {isa = PBXFileReference; fileEncoding = 4; lastKnownFileType = text.xcconfig; path = "Project-QADeployment.xcconfig"; sourceTree = "<group>"; };
		22CB683E20C9C46A0031A349 /* Project-Release.xcconfig */ = {isa = PBXFileReference; fileEncoding = 4; lastKnownFileType = text.xcconfig; path = "Project-Release.xcconfig"; sourceTree = "<group>"; };
		22CB684020C9C46A0031A349 /* ElectrodeContainer-QADeployment.xcconfig */ = {isa = PBXFileReference; fileEncoding = 4; lastKnownFileType = text.xcconfig; path = "ElectrodeContainer-QADeployment.xcconfig"; sourceTree = "<group>"; };
		22CB684120C9C46A0031A349 /* ElectrodeContainer-Debug.xcconfig */ = {isa = PBXFileReference; fileEncoding = 4; lastKnownFileType = text.xcconfig; path = "ElectrodeContainer-Debug.xcconfig"; sourceTree = "<group>"; };
		22CB684220C9C46A0031A349 /* ElectrodeContainer-Release.xcconfig */ = {isa = PBXFileReference; fileEncoding = 4; lastKnownFileType = text.xcconfig; path = "ElectrodeContainer-Release.xcconfig"; sourceTree = "<group>"; };
		22CB684420C9C46A0031A349 /* ElectrodeContainerTests-Release.xcconfig */ = {isa = PBXFileReference; fileEncoding = 4; lastKnownFileType = text.xcconfig; path = "ElectrodeContainerTests-Release.xcconfig"; sourceTree = "<group>"; };
		22CB684620C9C46A0031A349 /* ElectrodeContainerTests-QADeployment.xcconfig */ = {isa = PBXFileReference; fileEncoding = 4; lastKnownFileType = text.xcconfig; path = "ElectrodeContainerTests-QADeployment.xcconfig"; sourceTree = "<group>"; };
		22CB684720C9C46A0031A349 /* Project-Debug.xcconfig */ = {isa = PBXFileReference; fileEncoding = 4; lastKnownFileType = text.xcconfig; path = "Project-Debug.xcconfig"; sourceTree = "<group>"; };
		22CB684820C9C46B0031A349 /* ElectrodeContainerTests-Debug.xcconfig */ = {isa = PBXFileReference; fileEncoding = 4; lastKnownFileType = text.xcconfig; path = "ElectrodeContainerTests-Debug.xcconfig"; sourceTree = "<group>"; };
		258BB6AF610E41AAA63CD05C /* ElectrodeRequestProcessor.swift */ = {isa = PBXFileReference; explicitFileType = undefined; fileEncoding = 4; includeInIndex = 0; lastKnownFileType = sourcecode.swift; name = ElectrodeRequestProcessor.swift; path = ElectrodeReactNativeBridge/ElectrodeRequestProcessor.swift; sourceTree = "<group>"; };
		2674349151884BE0A311646D /* EventListenerProcessor.swift */ = {isa = PBXFileReference; explicitFileType = undefined; fileEncoding = 4; includeInIndex = 0; lastKnownFileType = sourcecode.swift; name = EventListenerProcessor.swift; path = ElectrodeReactNativeBridge/EventListenerProcessor.swift; sourceTree = "<group>"; };
		26CF5FADE0444A7786D0790D /* ElectrodeBridgeMessage.m */ = {isa = PBXFileReference; explicitFileType = undefined; fileEncoding = 4; includeInIndex = 0; lastKnownFileType = sourcecode.c.objc; name = ElectrodeBridgeMessage.m; path = ElectrodeReactNativeBridge/ElectrodeBridgeMessage.m; sourceTree = "<group>"; };
		2F592A12741C47D28F9F69E5 /* ENMiniAppNavDataProvider.swift */ = {isa = PBXFileReference; explicitFileType = undefined; fileEncoding = 4; includeInIndex = 0; lastKnownFileType = sourcecode.swift; name = ENMiniAppNavDataProvider.swift; path = APIImpls/ENMiniAppNavDataProvider.swift; sourceTree = "<group>"; };
		301CB9001F33F3450048C58B /* NSBundle+frameworkBundle.m */ = {isa = PBXFileReference; fileEncoding = 4; lastKnownFileType = sourcecode.c.objc; path = "NSBundle+frameworkBundle.m"; sourceTree = "<group>"; };
		301CB9011F33F3450048C58B /* NSBundle+frameworkBundle.h */ = {isa = PBXFileReference; fileEncoding = 4; lastKnownFileType = sourcecode.c.h; path = "NSBundle+frameworkBundle.h"; sourceTree = "<group>"; };
		304000E72098E1F000BF751C /* ElectrodePluginConfig.h */ = {isa = PBXFileReference; lastKnownFileType = sourcecode.c.h; path = ElectrodePluginConfig.h; sourceTree = "<group>"; };
		30F8CDED1E67946E00413247 /* ElectrodeReactNative_Internal.h */ = {isa = PBXFileReference; fileEncoding = 4; lastKnownFileType = sourcecode.c.h; path = ElectrodeReactNative_Internal.h; sourceTree = "<group>"; };
		31AB9EC2A0C44DC198D6D36E /* ENCoreDelegate.swift */ = {isa = PBXFileReference; explicitFileType = undefined; fileEncoding = 4; includeInIndex = 0; lastKnownFileType = sourcecode.swift; name = ENCoreDelegate.swift; path = APIImpls/ENCoreDelegate.swift; sourceTree = "<group>"; };
		334A14B9DB874EB989534BC2 /* ElectrodeBridgeTransaction.h */ = {isa = PBXFileReference; explicitFileType = undefined; fileEncoding = 4; includeInIndex = 0; lastKnownFileType = sourcecode.c.h; name = ElectrodeBridgeTransaction.h; path = ElectrodeReactNativeBridge/ElectrodeBridgeTransaction.h; sourceTree = "<group>"; };
		363C76304C564E0590FB448C /* ENBarButtonItem.swift */ = {isa = PBXFileReference; explicitFileType = undefined; fileEncoding = 4; includeInIndex = 0; lastKnownFileType = sourcecode.swift; name = ENBarButtonItem.swift; path = APIImpls/ENBarButtonItem.swift; sourceTree = "<group>"; };
		39092883E7E24A3FB9CE23D0 /* EnNavigationApiRequestHandlerProvider.swift */ = {isa = PBXFileReference; explicitFileType = undefined; fileEncoding = 4; includeInIndex = 0; lastKnownFileType = sourcecode.swift; name = EnNavigationApiRequestHandlerProvider.swift; path = APIImpls/EnNavigationApiRequestHandlerProvider.swift; sourceTree = "<group>"; };
		3B518B3368834048BAA4ACBC /* ElectrodeBridgeProtocols.m */ = {isa = PBXFileReference; explicitFileType = undefined; fileEncoding = 4; includeInIndex = 0; lastKnownFileType = sourcecode.c.objc; name = ElectrodeBridgeProtocols.m; path = ElectrodeReactNativeBridge/ElectrodeBridgeProtocols.m; sourceTree = "<group>"; };
		3D2071686C904AA4BF59D7F3 /* ENNavigationDelegate.swift */ = {isa = PBXFileReference; explicitFileType = undefined; fileEncoding = 4; includeInIndex = 0; lastKnownFileType = sourcecode.swift; name = ENNavigationDelegate.swift; path = APIImpls/ENNavigationDelegate.swift; sourceTree = "<group>"; };
		41782B54F96B769068C5D50B /* Pods-ElectrodeContainer.release.xcconfig */ = {isa = PBXFileReference; includeInIndex = 1; lastKnownFileType = text.xcconfig; name = "Pods-ElectrodeContainer.release.xcconfig"; path = "Target Support Files/Pods-ElectrodeContainer/Pods-ElectrodeContainer.release.xcconfig"; sourceTree = "<group>"; };
		485009E31E2FF23B009B6610 /* ElectrodeContainer.framework */ = {isa = PBXFileReference; explicitFileType = wrapper.framework; includeInIndex = 0; path = ElectrodeContainer.framework; sourceTree = BUILT_PRODUCTS_DIR; };
		485009E61E2FF23B009B6610 /* ElectrodeContainer.h */ = {isa = PBXFileReference; lastKnownFileType = sourcecode.c.h; path = ElectrodeContainer.h; sourceTree = "<group>"; };
		485009EC1E2FF23C009B6610 /* ElectrodeContainerTests.xctest */ = {isa = PBXFileReference; explicitFileType = wrapper.cfbundle; includeInIndex = 0; path = ElectrodeContainerTests.xctest; sourceTree = BUILT_PRODUCTS_DIR; };
		485009F31E2FF23C009B6610 /* Info.plist */ = {isa = PBXFileReference; lastKnownFileType = text.plist.xml; path = Info.plist; sourceTree = "<group>"; };
		48500A961E2FF55B009B6610 /* ElectrodeReactNative.h */ = {isa = PBXFileReference; fileEncoding = 4; lastKnownFileType = sourcecode.c.h; path = ElectrodeReactNative.h; sourceTree = "<group>"; };
		48500A971E2FF55B009B6610 /* ElectrodeReactNative.m */ = {isa = PBXFileReference; fileEncoding = 4; lastKnownFileType = sourcecode.c.objc; path = ElectrodeReactNative.m; sourceTree = "<group>"; wrapsLines = 0; };
		4BF2DE4F69D945CC863619A2 /* ElectrodeBridgeEvent.h */ = {isa = PBXFileReference; explicitFileType = undefined; fileEncoding = 4; includeInIndex = 0; lastKnownFileType = sourcecode.c.h; name = ElectrodeBridgeEvent.h; path = ElectrodeReactNativeBridge/ElectrodeBridgeEvent.h; sourceTree = "<group>"; };
		4CF5E0F1E746430DB099EE52 /* EnNavigationApiController.swift */ = {isa = PBXFileReference; explicitFileType = undefined; fileEncoding = 4; includeInIndex = 0; lastKnownFileType = sourcecode.swift; name = EnNavigationApiController.swift; path = APIImpls/EnNavigationApiController.swift; sourceTree = "<group>"; };
		517630EF280249C5B4D8A563 /* RequestHandlerProvider.swift */ = {isa = PBXFileReference; explicitFileType = undefined; fileEncoding = 4; includeInIndex = 0; lastKnownFileType = sourcecode.swift; name = RequestHandlerProvider.swift; path = APIImpls/RequestHandlerProvider.swift; sourceTree = "<group>"; };
		5566781B116641E596809E08 /* ElectrodeBridgeRequest.h */ = {isa = PBXFileReference; explicitFileType = undefined; fileEncoding = 4; includeInIndex = 0; lastKnownFileType = sourcecode.c.h; name = ElectrodeBridgeRequest.h; path = ElectrodeReactNativeBridge/ElectrodeBridgeRequest.h; sourceTree = "<group>"; };
		5843C5C6D1E2DB2F1DEC1523 /* libPods-ElectrodeContainer.a */ = {isa = PBXFileReference; explicitFileType = archive.ar; includeInIndex = 0; path = "libPods-ElectrodeContainer.a"; sourceTree = BUILT_PRODUCTS_DIR; };
		596F214C5E4D4CD7B7B22545 /* ElectrodeReactNativeBridge.h */ = {isa = PBXFileReference; explicitFileType = undefined; fileEncoding = 4; includeInIndex = 0; lastKnownFileType = sourcecode.c.h; name = ElectrodeReactNativeBridge.h; path = ElectrodeReactNativeBridge/ElectrodeReactNativeBridge.h; sourceTree = "<group>"; };
		5D41F6E753314347A778C553 /* Processor.swift */ = {isa = PBXFileReference; explicitFileType = undefined; fileEncoding = 4; includeInIndex = 0; lastKnownFileType = sourcecode.swift; name = Processor.swift; path = ElectrodeReactNativeBridge/Processor.swift; sourceTree = "<group>"; };
		5E1D68B040B842B685791456 /* EndeavorminiappNavigationController.swift */ = {isa = PBXFileReference; explicitFileType = undefined; fileEncoding = 4; includeInIndex = 0; lastKnownFileType = sourcecode.swift; name = EndeavorminiappNavigationController.swift; path = MiniAppNavigationControllers/EndeavorminiappNavigationController.swift; sourceTree = "<group>"; };
		5F6C4A4AA86C45BC9A9CD158 /* EventProcessor.swift */ = {isa = PBXFileReference; explicitFileType = undefined; fileEncoding = 4; includeInIndex = 0; lastKnownFileType = sourcecode.swift; name = EventProcessor.swift; path = ElectrodeReactNativeBridge/EventProcessor.swift; sourceTree = "<group>"; };
		62206D65DA7243969B953A16 /* NavigationBarButton.swift */ = {isa = PBXFileReference; explicitFileType = undefined; fileEncoding = 4; includeInIndex = 0; lastKnownFileType = sourcecode.swift; name = NavigationBarButton.swift; path = APIs/NavigationBarButton.swift; sourceTree = "<group>"; };
		635367EAF9A44345BA33E034 /* ElectrodeBridgeTransceiver_Internal.h */ = {isa = PBXFileReference; explicitFileType = undefined; fileEncoding = 4; includeInIndex = 0; lastKnownFileType = sourcecode.c.h; name = ElectrodeBridgeTransceiver_Internal.h; path = ElectrodeReactNativeBridge/ElectrodeBridgeTransceiver_Internal.h; sourceTree = "<group>"; };
		650DB67789434A16ABB1F9CB /* ElectrodeEventRegistrar.m */ = {isa = PBXFileReference; explicitFileType = undefined; fileEncoding = 4; includeInIndex = 0; lastKnownFileType = sourcecode.c.objc; name = ElectrodeEventRegistrar.m; path = ElectrodeReactNativeBridge/ElectrodeEventRegistrar.m; sourceTree = "<group>"; };
		68E408C5069A4CEAA93162F8 /* ElectrodeBridgeResponse.m */ = {isa = PBXFileReference; explicitFileType = undefined; fileEncoding = 4; includeInIndex = 0; lastKnownFileType = sourcecode.c.objc; name = ElectrodeBridgeResponse.m; path = ElectrodeReactNativeBridge/ElectrodeBridgeResponse.m; sourceTree = "<group>"; };
		6FDFAF8AAC9048BF835AA683 /* ElectrodeRequestDispatcher.h */ = {isa = PBXFileReference; explicitFileType = undefined; fileEncoding = 4; includeInIndex = 0; lastKnownFileType = sourcecode.c.h; name = ElectrodeRequestDispatcher.h; path = ElectrodeReactNativeBridge/ElectrodeRequestDispatcher.h; sourceTree = "<group>"; };
		7135AB341F534880AA7AA6B2 /* ElectrodeBridgeRequest.m */ = {isa = PBXFileReference; explicitFileType = undefined; fileEncoding = 4; includeInIndex = 0; lastKnownFileType = sourcecode.c.objc; name = ElectrodeBridgeRequest.m; path = ElectrodeReactNativeBridge/ElectrodeBridgeRequest.m; sourceTree = "<group>"; };
		7C8AD40735B344AFB3388709 /* ElectrodeBridgeResponse.h */ = {isa = PBXFileReference; explicitFileType = undefined; fileEncoding = 4; includeInIndex = 0; lastKnownFileType = sourcecode.c.h; name = ElectrodeBridgeResponse.h; path = ElectrodeReactNativeBridge/ElectrodeBridgeResponse.h; sourceTree = "<group>"; };
		7E736F5CE7574A98A1117565 /* ENOverlayProtocol.swift */ = {isa = PBXFileReference; explicitFileType = undefined; fileEncoding = 4; includeInIndex = 0; lastKnownFileType = sourcecode.swift; name = ENOverlayProtocol.swift; path = APIImpls/ENOverlayProtocol.swift; sourceTree = "<group>"; };
		82485222571C4B26AC2D234C /* ElectrodeEventRegistrar.h */ = {isa = PBXFileReference; explicitFileType = undefined; fileEncoding = 4; includeInIndex = 0; lastKnownFileType = sourcecode.c.h; name = ElectrodeEventRegistrar.h; path = ElectrodeReactNativeBridge/ElectrodeEventRegistrar.h; sourceTree = "<group>"; };
		844DDF31EA9444D1BC8FD68A /* RequestHandlerConfig.swift */ = {isa = PBXFileReference; explicitFileType = undefined; fileEncoding = 4; includeInIndex = 0; lastKnownFileType = sourcecode.swift; name = RequestHandlerConfig.swift; path = APIImpls/RequestHandlerConfig.swift; sourceTree = "<group>"; };
		8E738CFA34974DCE942C71A8 /* ElectrodeBridgeMessage.h */ = {isa = PBXFileReference; explicitFileType = undefined; fileEncoding = 4; includeInIndex = 0; lastKnownFileType = sourcecode.c.h; name = ElectrodeBridgeMessage.h; path = ElectrodeReactNativeBridge/ElectrodeBridgeMessage.h; sourceTree = "<group>"; };
		8F299F751EDD4DDFBDA221A5 /* None.swift */ = {isa = PBXFileReference; explicitFileType = undefined; fileEncoding = 4; includeInIndex = 0; lastKnownFileType = sourcecode.swift; name = None.swift; path = ElectrodeReactNativeBridge/None.swift; sourceTree = "<group>"; };
		8FA9A45D173C4C2CB3A32BF0 /* ENMiniAppDataProvider.swift */ = {isa = PBXFileReference; explicitFileType = undefined; fileEncoding = 4; includeInIndex = 0; lastKnownFileType = sourcecode.swift; name = ENMiniAppDataProvider.swift; path = APIImpls/ENMiniAppDataProvider.swift; sourceTree = "<group>"; };
		9020611C2BE847C0836D6537 /* NavigationBarLeftButton.swift */ = {isa = PBXFileReference; explicitFileType = undefined; fileEncoding = 4; includeInIndex = 0; lastKnownFileType = sourcecode.swift; name = NavigationBarLeftButton.swift; path = APIs/NavigationBarLeftButton.swift; sourceTree = "<group>"; };
		905A7591EA7A44E3B94CB984 /* ElectrodeRequestRegistrar.h */ = {isa = PBXFileReference; explicitFileType = undefined; fileEncoding = 4; includeInIndex = 0; lastKnownFileType = sourcecode.c.h; name = ElectrodeRequestRegistrar.h; path = ElectrodeReactNativeBridge/ElectrodeRequestRegistrar.h; sourceTree = "<group>"; };
		9153D03586BF4AF18F19D753 /* ElectrodeBridgeTransceiver.m */ = {isa = PBXFileReference; explicitFileType = undefined; fileEncoding = 4; includeInIndex = 0; lastKnownFileType = sourcecode.c.objc; name = ElectrodeBridgeTransceiver.m; path = ElectrodeReactNativeBridge/ElectrodeBridgeTransceiver.m; sourceTree = "<group>"; };
		954147A038204EFAAC17DDB4 /* ElectrodeBridgeFailureMessage.h */ = {isa = PBXFileReference; explicitFileType = undefined; fileEncoding = 4; includeInIndex = 0; lastKnownFileType = sourcecode.c.h; name = ElectrodeBridgeFailureMessage.h; path = ElectrodeReactNativeBridge/ElectrodeBridgeFailureMessage.h; sourceTree = "<group>"; };
		968333D51E54E3470031C565 /* ElectrodeBridgeDelegate.h */ = {isa = PBXFileReference; fileEncoding = 4; lastKnownFileType = sourcecode.c.h; path = ElectrodeBridgeDelegate.h; sourceTree = "<group>"; };
		968333D61E54E3470031C565 /* ElectrodeBridgeDelegate.m */ = {isa = PBXFileReference; fileEncoding = 4; lastKnownFileType = sourcecode.c.objc; path = ElectrodeBridgeDelegate.m; sourceTree = "<group>"; };
		9B8D316DC3274CABBD0F061E /* ElectrodeBridgeFailureMessage.m */ = {isa = PBXFileReference; explicitFileType = undefined; fileEncoding = 4; includeInIndex = 0; lastKnownFileType = sourcecode.c.objc; name = ElectrodeBridgeFailureMessage.m; path = ElectrodeReactNativeBridge/ElectrodeBridgeFailureMessage.m; sourceTree = "<group>"; };
		A3D47E307B2F4B34A3265A6B /* EnNavigationEvents.swift */ = {isa = PBXFileReference; explicitFileType = undefined; fileEncoding = 4; includeInIndex = 0; lastKnownFileType = sourcecode.swift; name = EnNavigationEvents.swift; path = APIs/EnNavigationEvents.swift; sourceTree = "<group>"; };
		A6DEA9C6E19E481C832AC337 /* ENNavigationProtocol.swift */ = {isa = PBXFileReference; explicitFileType = undefined; fileEncoding = 4; includeInIndex = 0; lastKnownFileType = sourcecode.swift; name = ENNavigationProtocol.swift; path = APIImpls/ENNavigationProtocol.swift; sourceTree = "<group>"; };
		A854E0C2D8D1414D940AB5FC /* ElectrodeBridgeProtocols.h */ = {isa = PBXFileReference; explicitFileType = undefined; fileEncoding = 4; includeInIndex = 0; lastKnownFileType = sourcecode.c.h; name = ElectrodeBridgeProtocols.h; path = ElectrodeReactNativeBridge/ElectrodeBridgeProtocols.h; sourceTree = "<group>"; };
		AC1B0AD87A374BFDBEBF5C23 /* MiniAppsConfig.swift */ = {isa = PBXFileReference; explicitFileType = undefined; fileEncoding = 4; includeInIndex = 0; lastKnownFileType = sourcecode.swift; name = MiniAppsConfig.swift; path = MiniAppNavigationControllers/MiniAppsConfig.swift; sourceTree = "<group>"; };
		ACBB5D44EA4F4F95B92F650F /* ElectrodeBridgeHolder.h */ = {isa = PBXFileReference; explicitFileType = undefined; fileEncoding = 4; includeInIndex = 0; lastKnownFileType = sourcecode.c.h; name = ElectrodeBridgeHolder.h; path = ElectrodeReactNativeBridge/ElectrodeBridgeHolder.h; sourceTree = "<group>"; };
		B5B9D6ECFF7A4B1A83C29A3D /* Bridgeable.swift */ = {isa = PBXFileReference; explicitFileType = undefined; fileEncoding = 4; includeInIndex = 0; lastKnownFileType = sourcecode.swift; name = Bridgeable.swift; path = ElectrodeReactNativeBridge/Bridgeable.swift; sourceTree = "<group>"; };
		B65603D8E352A3DC29A75958 /* Pods-ElectrodeContainer.debug.xcconfig */ = {isa = PBXFileReference; includeInIndex = 1; lastKnownFileType = text.xcconfig; name = "Pods-ElectrodeContainer.debug.xcconfig"; path = "Target Support Files/Pods-ElectrodeContainer/Pods-ElectrodeContainer.debug.xcconfig"; sourceTree = "<group>"; };
		B73C00C5710F4C7C92CB5201 /* ElectrodeBridgeTransceiver.h */ = {isa = PBXFileReference; explicitFileType = undefined; fileEncoding = 4; includeInIndex = 0; lastKnownFileType = sourcecode.c.h; name = ElectrodeBridgeTransceiver.h; path = ElectrodeReactNativeBridge/ElectrodeBridgeTransceiver.h; sourceTree = "<group>"; };
		BBEDAC01E07E4DDF87CD01D3 /* ElectrodeEventDispatcher.h */ = {isa = PBXFileReference; explicitFileType = undefined; fileEncoding = 4; includeInIndex = 0; lastKnownFileType = sourcecode.c.h; name = ElectrodeEventDispatcher.h; path = ElectrodeReactNativeBridge/ElectrodeEventDispatcher.h; sourceTree = "<group>"; };
		BBFE6C51A0124C85923FE03E /* NavigationBar.swift */ = {isa = PBXFileReference; explicitFileType = undefined; fileEncoding = 4; includeInIndex = 0; lastKnownFileType = sourcecode.swift; name = NavigationBar.swift; path = APIs/NavigationBar.swift; sourceTree = "<group>"; };
		BF214A5A6ED74CC0BE9836C1 /* EnNavigationRequests.swift */ = {isa = PBXFileReference; explicitFileType = undefined; fileEncoding = 4; includeInIndex = 0; lastKnownFileType = sourcecode.swift; name = EnNavigationRequests.swift; path = APIs/EnNavigationRequests.swift; sourceTree = "<group>"; };
		C0F2B753337B4C81BB341A3A /* ElectrodeUtilities.swift */ = {isa = PBXFileReference; explicitFileType = undefined; fileEncoding = 4; includeInIndex = 0; lastKnownFileType = sourcecode.swift; name = ElectrodeUtilities.swift; path = ElectrodeReactNativeBridge/ElectrodeUtilities.swift; sourceTree = "<group>"; };
		C365057B1BAB4156BBAF5B8A /* MiniAppNavViewController.swift */ = {isa = PBXFileReference; explicitFileType = undefined; fileEncoding = 4; includeInIndex = 0; lastKnownFileType = sourcecode.swift; name = MiniAppNavViewController.swift; path = APIImpls/MiniAppNavViewController.swift; sourceTree = "<group>"; };
		C9C46827947E4F04877EAA89 /* ENBaseNavigationController.swift */ = {isa = PBXFileReference; explicitFileType = undefined; fileEncoding = 4; includeInIndex = 0; lastKnownFileType = sourcecode.swift; name = ENBaseNavigationController.swift; path = APIImpls/ENBaseNavigationController.swift; sourceTree = "<group>"; };
		D138218804A947F9B750F82E /* ElectrodeBridgeEvent.m */ = {isa = PBXFileReference; explicitFileType = undefined; fileEncoding = 4; includeInIndex = 0; lastKnownFileType = sourcecode.c.objc; name = ElectrodeBridgeEvent.m; path = ElectrodeReactNativeBridge/ElectrodeBridgeEvent.m; sourceTree = "<group>"; };
		DA42DF59233C1B0500046338 /* ElectrodeBundle.m */ = {isa = PBXFileReference; fileEncoding = 4; lastKnownFileType = sourcecode.c.objc; path = ElectrodeBundle.m; sourceTree = "<group>"; };
		DA42DF5A233C1B0500046338 /* ERNDevSettingsViewController.m */ = {isa = PBXFileReference; fileEncoding = 4; lastKnownFileType = sourcecode.c.objc; path = ERNDevSettingsViewController.m; sourceTree = "<group>"; };
		DA42DF5B233C1B0500046338 /* ElectrodeBundle.h */ = {isa = PBXFileReference; fileEncoding = 4; lastKnownFileType = sourcecode.c.h; path = ElectrodeBundle.h; sourceTree = "<group>"; };
		DA42DF5C233C1B0500046338 /* ERNDevSettingsViewController.h */ = {isa = PBXFileReference; fileEncoding = 4; lastKnownFileType = sourcecode.c.h; path = ERNDevSettingsViewController.h; sourceTree = "<group>"; };
		E7832BCAFFD94ABB9F7B0767 /* ElectrodeLogger.m */ = {isa = PBXFileReference; explicitFileType = undefined; fileEncoding = 4; includeInIndex = 0; lastKnownFileType = sourcecode.c.objc; name = ElectrodeLogger.m; path = ElectrodeReactNativeBridge/ElectrodeLogger.m; sourceTree = "<group>"; };
		EA26E6D79E5B4716A6F8612A /* ElectrodeRequestHandlerProcessor.swift */ = {isa = PBXFileReference; explicitFileType = undefined; fileEncoding = 4; includeInIndex = 0; lastKnownFileType = sourcecode.swift; name = ElectrodeRequestHandlerProcessor.swift; path = ElectrodeReactNativeBridge/ElectrodeRequestHandlerProcessor.swift; sourceTree = "<group>"; };
		EF952E5B243F43A4A373B53D /* ENNavigationAPIImpl.swift */ = {isa = PBXFileReference; explicitFileType = undefined; fileEncoding = 4; includeInIndex = 0; lastKnownFileType = sourcecode.swift; name = ENNavigationAPIImpl.swift; path = APIImpls/ENNavigationAPIImpl.swift; sourceTree = "<group>"; };
		F9AB2752EF0442E1ADB63190 /* NavEventData.swift */ = {isa = PBXFileReference; explicitFileType = undefined; fileEncoding = 4; includeInIndex = 0; lastKnownFileType = sourcecode.swift; name = NavEventData.swift; path = APIs/NavEventData.swift; sourceTree = "<group>"; };
		FA4275A6EF3940DC892398D5 /* EnNavigationApiRequestHandlerDelegate.swift */ = {isa = PBXFileReference; explicitFileType = undefined; fileEncoding = 4; includeInIndex = 0; lastKnownFileType = sourcecode.swift; name = EnNavigationApiRequestHandlerDelegate.swift; path = APIImpls/EnNavigationApiRequestHandlerDelegate.swift; sourceTree = "<group>"; };
/* End PBXFileReference section */

/* Begin PBXFrameworksBuildPhase section */
		485009DF1E2FF23B009B6610 /* Frameworks */ = {
			isa = PBXFrameworksBuildPhase;
			buildActionMask = 2147483647;
			files = (
				4FB552E07EE3ABB175864300 /* libPods-ElectrodeContainer.a in Frameworks */,
			);
			runOnlyForDeploymentPostprocessing = 0;
		};
		485009E91E2FF23C009B6610 /* Frameworks */ = {
			isa = PBXFrameworksBuildPhase;
			buildActionMask = 2147483647;
			files = (
				485009ED1E2FF23C009B6610 /* ElectrodeContainer.framework in Frameworks */,
			);
			runOnlyForDeploymentPostprocessing = 0;
		};
/* End PBXFrameworksBuildPhase section */

/* Begin PBXGroup section */
		226325CE1E80594F00CD0B10 /* ReactNative */ = {
			isa = PBXGroup;
			children = (
			);
			name = ReactNative;
			sourceTree = "<group>";
		};
		22C096A91EA0893F00E1486A /* APIs */ = {
			isa = PBXGroup;
			children = (
				12E1D252575B44A084320B73 /* EnNavigationAPI.swift */,
				A3D47E307B2F4B34A3265A6B /* EnNavigationEvents.swift */,
				BF214A5A6ED74CC0BE9836C1 /* EnNavigationRequests.swift */,
				22BF83A8BF2F49519A45A196 /* ErnNavRoute.swift */,
				F9AB2752EF0442E1ADB63190 /* NavEventData.swift */,
				BBFE6C51A0124C85923FE03E /* NavigationBar.swift */,
				62206D65DA7243969B953A16 /* NavigationBarButton.swift */,
				9020611C2BE847C0836D6537 /* NavigationBarLeftButton.swift */,
			);
			name = APIs;
			sourceTree = "<group>";
		};
		22C096A91EA0893F00E1486B /* MiniAppNavigationControllers */ = {
			isa = PBXGroup;
			children = (
				AC1B0AD87A374BFDBEBF5C23 /* MiniAppsConfig.swift */,
				5E1D68B040B842B685791456 /* EndeavorminiappNavigationController.swift */,
			);
			name = MiniAppNavigationControllers;
			sourceTree = "<group>";
		};
		22CB67F120C9C44C0031A349 /* Config */ = {
			isa = PBXGroup;
			children = (
				22CB684120C9C46A0031A349 /* ElectrodeContainer-Debug.xcconfig */,
				22CB684020C9C46A0031A349 /* ElectrodeContainer-QADeployment.xcconfig */,
				22CB684220C9C46A0031A349 /* ElectrodeContainer-Release.xcconfig */,
				22CB684820C9C46B0031A349 /* ElectrodeContainerTests-Debug.xcconfig */,
				22CB684620C9C46A0031A349 /* ElectrodeContainerTests-QADeployment.xcconfig */,
				22CB684420C9C46A0031A349 /* ElectrodeContainerTests-Release.xcconfig */,
				22CB684720C9C46A0031A349 /* Project-Debug.xcconfig */,
				22CB683D20C9C46A0031A349 /* Project-QADeployment.xcconfig */,
				22CB683E20C9C46A0031A349 /* Project-Release.xcconfig */,
			);
			path = Config;
			sourceTree = "<group>";
		};
		22FD4D1E1E96ECBB00FC81DB /* ElectrodeReactNativeBridge */ = {
			isa = PBXGroup;
			children = (
				13C142F5A2E34C33A9F09B7D /* ElectrodeObject.swift */,
				B5B9D6ECFF7A4B1A83C29A3D /* Bridgeable.swift */,
				EA26E6D79E5B4716A6F8612A /* ElectrodeRequestHandlerProcessor.swift */,
				258BB6AF610E41AAA63CD05C /* ElectrodeRequestProcessor.swift */,
				C0F2B753337B4C81BB341A3A /* ElectrodeUtilities.swift */,
				2674349151884BE0A311646D /* EventListenerProcessor.swift */,
				5F6C4A4AA86C45BC9A9CD158 /* EventProcessor.swift */,
				5D41F6E753314347A778C553 /* Processor.swift */,
				8F299F751EDD4DDFBDA221A5 /* None.swift */,
				D138218804A947F9B750F82E /* ElectrodeBridgeEvent.m */,
				9B8D316DC3274CABBD0F061E /* ElectrodeBridgeFailureMessage.m */,
				1C7BC45EE27C4A4F9A8EEBF3 /* ElectrodeBridgeHolder.m */,
				26CF5FADE0444A7786D0790D /* ElectrodeBridgeMessage.m */,
				3B518B3368834048BAA4ACBC /* ElectrodeBridgeProtocols.m */,
				7135AB341F534880AA7AA6B2 /* ElectrodeBridgeRequest.m */,
				68E408C5069A4CEAA93162F8 /* ElectrodeBridgeResponse.m */,
				1F88599AC1B249DDAC538EEB /* ElectrodeBridgeTransaction.m */,
				9153D03586BF4AF18F19D753 /* ElectrodeBridgeTransceiver.m */,
				0ABBF9871317482689C4876E /* ElectrodeEventDispatcher.m */,
				650DB67789434A16ABB1F9CB /* ElectrodeEventRegistrar.m */,
				0FDBF04372A6480B89D61A47 /* ElectrodeRequestDispatcher.m */,
				0B8F0994F3DA48D6B1752A6B /* ElectrodeRequestRegistrar.m */,
				E7832BCAFFD94ABB9F7B0767 /* ElectrodeLogger.m */,
				4BF2DE4F69D945CC863619A2 /* ElectrodeBridgeEvent.h */,
				954147A038204EFAAC17DDB4 /* ElectrodeBridgeFailureMessage.h */,
				ACBB5D44EA4F4F95B92F650F /* ElectrodeBridgeHolder.h */,
				8E738CFA34974DCE942C71A8 /* ElectrodeBridgeMessage.h */,
				A854E0C2D8D1414D940AB5FC /* ElectrodeBridgeProtocols.h */,
				5566781B116641E596809E08 /* ElectrodeBridgeRequest.h */,
				334A14B9DB874EB989534BC2 /* ElectrodeBridgeTransaction.h */,
				B73C00C5710F4C7C92CB5201 /* ElectrodeBridgeTransceiver.h */,
				635367EAF9A44345BA33E034 /* ElectrodeBridgeTransceiver_Internal.h */,
				BBEDAC01E07E4DDF87CD01D3 /* ElectrodeEventDispatcher.h */,
				82485222571C4B26AC2D234C /* ElectrodeEventRegistrar.h */,
				6FDFAF8AAC9048BF835AA683 /* ElectrodeRequestDispatcher.h */,
				905A7591EA7A44E3B94CB984 /* ElectrodeRequestRegistrar.h */,
				596F214C5E4D4CD7B7B22545 /* ElectrodeReactNativeBridge.h */,
				7C8AD40735B344AFB3388709 /* ElectrodeBridgeResponse.h */,
				1FA6E9864F144DC7B4EBF47E /* ElectrodeLogger.h */,
			);
			name = ElectrodeReactNativeBridge;
			sourceTree = "<group>";
		};
		301CBA4B1F342FB00048C58B /* Resources */ = {
			isa = PBXGroup;
			children = (
			);
			name = Resources;
			sourceTree = "<group>";
		};
		485009D91E2FF23B009B6610 = {
			isa = PBXGroup;
			children = (
				22CB67F120C9C44C0031A349 /* Config */,
				485009E51E2FF23B009B6610 /* ElectrodeContainer */,
				485009F01E2FF23C009B6610 /* ElectrodeContainerTests */,
				485009E41E2FF23B009B6610 /* Products */,
				485009FD1E2FF25D009B6610 /* Libraries */,
				48500AA71E2FFA14009B6610 /* Frameworks */,
				E15892E207974F903577931E /* Pods */,
			);
			sourceTree = "<group>";
		};
		485009E41E2FF23B009B6610 /* Products */ = {
			isa = PBXGroup;
			children = (
				485009E31E2FF23B009B6610 /* ElectrodeContainer.framework */,
				485009EC1E2FF23C009B6610 /* ElectrodeContainerTests.xctest */,
			);
			name = Products;
			sourceTree = "<group>";
		};
		485009E51E2FF23B009B6610 /* ElectrodeContainer */ = {
			isa = PBXGroup;
			children = (
				DA42DF58233C1B0500046338 /* DevAssist */,
				7F9A82FD1FB117530026F523 /* APIImpls */,
				301CBA4B1F342FB00048C58B /* Resources */,
				2265A4A11EB26943007D6C3D /* Info.plist */,
				22C096A91EA0893F00E1486A /* APIs */,
				22C096A91EA0893F00E1486B /* MiniAppNavigationControllers */,
				22FD4D1E1E96ECBB00FC81DB /* ElectrodeReactNativeBridge */,
				968333D51E54E3470031C565 /* ElectrodeBridgeDelegate.h */,
				968333D61E54E3470031C565 /* ElectrodeBridgeDelegate.m */,
				485009E61E2FF23B009B6610 /* ElectrodeContainer.h */,
				48500A961E2FF55B009B6610 /* ElectrodeReactNative.h */,
				30F8CDED1E67946E00413247 /* ElectrodeReactNative_Internal.h */,
				48500A971E2FF55B009B6610 /* ElectrodeReactNative.m */,
				301CB9011F33F3450048C58B /* NSBundle+frameworkBundle.h */,
				301CB9001F33F3450048C58B /* NSBundle+frameworkBundle.m */,
				304000E72098E1F000BF751C /* ElectrodePluginConfig.h */,
			);
			name = ElectrodeContainer;
			path = ElectrodeContainer;
			sourceTree = "<group>";
		};
		485009F01E2FF23C009B6610 /* ElectrodeContainerTests */ = {
			isa = PBXGroup;
			children = (
				485009F31E2FF23C009B6610 /* Info.plist */,
			);
			path = ElectrodeContainerTests;
			sourceTree = "<group>";
		};
		485009FD1E2FF25D009B6610 /* Libraries */ = {
			isa = PBXGroup;
			children = (
				226325CE1E80594F00CD0B10 /* ReactNative */,
				9654B8921E5CCA1D00AFF607 /* MiniApp */,
			);
			name = Libraries;
			path = ElectrodeContainer/Libraries;
			sourceTree = "<group>";
		};
		48500AA71E2FFA14009B6610 /* Frameworks */ = {
			isa = PBXGroup;
			children = (
				5843C5C6D1E2DB2F1DEC1523 /* libPods-ElectrodeContainer.a */,
			);
			name = Frameworks;
			path = ElectrodeContainer/Frameworks;
			sourceTree = "<group>";
		};
		7F9A82FD1FB117530026F523 /* APIImpls */ = {
			isa = PBXGroup;
			children = (
				4CF5E0F1E746430DB099EE52 /* EnNavigationApiController.swift */,
				FA4275A6EF3940DC892398D5 /* EnNavigationApiRequestHandlerDelegate.swift */,
				39092883E7E24A3FB9CE23D0 /* EnNavigationApiRequestHandlerProvider.swift */,
				844DDF31EA9444D1BC8FD68A /* RequestHandlerConfig.swift */,
				517630EF280249C5B4D8A563 /* RequestHandlerProvider.swift */,
				31AB9EC2A0C44DC198D6D36E /* ENCoreDelegate.swift */,
				8FA9A45D173C4C2CB3A32BF0 /* ENMiniAppDataProvider.swift */,
				363C76304C564E0590FB448C /* ENBarButtonItem.swift */,
				C9C46827947E4F04877EAA89 /* ENBaseNavigationController.swift */,
				2F592A12741C47D28F9F69E5 /* ENMiniAppNavDataProvider.swift */,
				EF952E5B243F43A4A373B53D /* ENNavigationAPIImpl.swift */,
				18813FAC2B2F41A4AC526C31 /* ENNavigationBarState.swift */,
				3D2071686C904AA4BF59D7F3 /* ENNavigationDelegate.swift */,
				A6DEA9C6E19E481C832AC337 /* ENNavigationProtocol.swift */,
				0D799855148C41428DF80B86 /* ENNavigationUtils.swift */,
				7E736F5CE7574A98A1117565 /* ENOverlayProtocol.swift */,
				C365057B1BAB4156BBAF5B8A /* MiniAppNavViewController.swift */,
			);
			name = APIImpls;
			sourceTree = "<group>";
		};
		9654B8921E5CCA1D00AFF607 /* MiniApp */ = {
			isa = PBXGroup;
			children = (
				22BF1FEA1E8DAAF800E7F500 /* assets */,
				223A89451E89CDC70092741E /* MiniApp.jsbundle */,
			);
			path = MiniApp;
			sourceTree = "<group>";
		};
		DA42DF58233C1B0500046338 /* DevAssist */ = {
			isa = PBXGroup;
			children = (
				DA42DF5C233C1B0500046338 /* ERNDevSettingsViewController.h */,
				DA42DF5A233C1B0500046338 /* ERNDevSettingsViewController.m */,
				DA42DF5B233C1B0500046338 /* ElectrodeBundle.h */,
				DA42DF59233C1B0500046338 /* ElectrodeBundle.m */,
			);
			path = DevAssist;
			sourceTree = "<group>";
		};
		E15892E207974F903577931E /* Pods */ = {
			isa = PBXGroup;
			children = (
				B65603D8E352A3DC29A75958 /* Pods-ElectrodeContainer.debug.xcconfig */,
				17C94C4553C4C9620A6BC361 /* Pods-ElectrodeContainer.qadeployment.xcconfig */,
				41782B54F96B769068C5D50B /* Pods-ElectrodeContainer.release.xcconfig */,
			);
			name = Pods;
			path = Pods;
			sourceTree = "<group>";
		};
/* End PBXGroup section */

/* Begin PBXHeadersBuildPhase section */
		485009E01E2FF23B009B6610 /* Headers */ = {
			isa = PBXHeadersBuildPhase;
			buildActionMask = 2147483647;
			files = (
				485009F41E2FF23C009B6610 /* ElectrodeContainer.h in Headers */,
				968333D71E54E3470031C565 /* ElectrodeBridgeDelegate.h in Headers */,
				301CB9031F33F3450048C58B /* NSBundle+frameworkBundle.h in Headers */,
				304000E82098E1F000BF751C /* ElectrodePluginConfig.h in Headers */,
				30F8CDEE1E67946E00413247 /* ElectrodeReactNative_Internal.h in Headers */,
				48500A981E2FF55B009B6610 /* ElectrodeReactNative.h in Headers */,
				DA42DF60233C1B0500046338 /* ERNDevSettingsViewController.h in Headers */,
				DA42DF5F233C1B0500046338 /* ElectrodeBundle.h in Headers */,
				D1757E6A17C54CE89232CCB8 /* EnNavigationAPI.swift in Headers */,
				FDEE120A9A6143B085EDE95E /* EnNavigationEvents.swift in Headers */,
				4A657F0856FC4135B87EEDED /* EnNavigationRequests.swift in Headers */,
				E1999A360211461BA146E502 /* ErnNavRoute.swift in Headers */,
				6F347C3EFE7D43CEA75811F1 /* NavEventData.swift in Headers */,
				4416A2EC8899447FBBA16AE9 /* NavigationBar.swift in Headers */,
				F150D79DF2EA41CBB0F031D8 /* NavigationBarButton.swift in Headers */,
				586BA86A805B4CF1B43C6450 /* NavigationBarLeftButton.swift in Headers */,
				E2935FB8095A4AAAB1E8CC64 /* ENCoreDelegate.swift in Headers */,
				5F057FCDC0B34AB79DC7F0A1 /* ENMiniAppDataProvider.swift in Headers */,
				BBAA68E5B4EE4C89B19DEFF3 /* ElectrodeBridgeEvent.h in Headers */,
				AB81FC99C9AA4E87885DE56B /* ElectrodeBridgeFailureMessage.h in Headers */,
				7851848742734720ADBA821B /* ElectrodeBridgeHolder.h in Headers */,
				25F7997314434449A5ED6B28 /* ElectrodeBridgeMessage.h in Headers */,
				109B566E1F1A4D0BA7905789 /* ElectrodeBridgeProtocols.h in Headers */,
				C99DFC6C95D6400E866EBCC2 /* ElectrodeBridgeRequest.h in Headers */,
				F6C40D69D86745F5BA94D3D9 /* ElectrodeBridgeTransaction.h in Headers */,
				A9C645BD348B424A9F15FB98 /* ElectrodeBridgeTransceiver.h in Headers */,
				5E1922E080E744E999930641 /* ElectrodeBridgeTransceiver_Internal.h in Headers */,
				604F5CB1949F48A686BF5EBA /* ElectrodeEventDispatcher.h in Headers */,
				06E1C191C72C4BB6B6CB5E08 /* ElectrodeEventRegistrar.h in Headers */,
				DA768615B1BD4DF48523D766 /* ElectrodeRequestDispatcher.h in Headers */,
				3F4F2B570C5D400F91874EA6 /* ElectrodeRequestRegistrar.h in Headers */,
				D18D55EE9AFA47D08EFA2A7F /* ElectrodeReactNativeBridge.h in Headers */,
				847BE0A2328C4EBBA3184A3B /* ElectrodeBridgeResponse.h in Headers */,
				53CF513533C64189A195F81D /* ElectrodeLogger.h in Headers */,
			);
			runOnlyForDeploymentPostprocessing = 0;
		};
/* End PBXHeadersBuildPhase section */

/* Begin PBXNativeTarget section */
		485009E21E2FF23B009B6610 /* ElectrodeContainer */ = {
			isa = PBXNativeTarget;
			buildConfigurationList = 485009F71E2FF23C009B6610 /* Build configuration list for PBXNativeTarget "ElectrodeContainer" */;
			buildPhases = (
				CFDA7CB21EF73480C1D393E4 /* [CP] Check Pods Manifest.lock */,
				485009DE1E2FF23B009B6610 /* Sources */,
				485009DF1E2FF23B009B6610 /* Frameworks */,
				485009E01E2FF23B009B6610 /* Headers */,
				485009E11E2FF23B009B6610 /* Resources */,
				9C2FE58C23EBF1750014DB26 /* Embed Frameworks */,
				A1FA221EFC629ADFF06374C7 /* [CP] Copy Pods Resources */,
			);
			buildRules = (
			);
			dependencies = (
			);
			name = ElectrodeContainer;
			productName = ElectrodeContainer;
			productReference = 485009E31E2FF23B009B6610 /* ElectrodeContainer.framework */;
			productType = "com.apple.product-type.framework";
		};
		485009EB1E2FF23C009B6610 /* ElectrodeContainerTests */ = {
			isa = PBXNativeTarget;
			buildConfigurationList = 485009FA1E2FF23C009B6610 /* Build configuration list for PBXNativeTarget "ElectrodeContainerTests" */;
			buildPhases = (
				485009E81E2FF23C009B6610 /* Sources */,
				485009E91E2FF23C009B6610 /* Frameworks */,
				485009EA1E2FF23C009B6610 /* Resources */,
			);
			buildRules = (
			);
			dependencies = (
				485009EF1E2FF23C009B6610 /* PBXTargetDependency */,
			);
			name = ElectrodeContainerTests;
			productName = ElectrodeContainerTests;
			productReference = 485009EC1E2FF23C009B6610 /* ElectrodeContainerTests.xctest */;
			productType = "com.apple.product-type.bundle.unit-test";
		};
/* End PBXNativeTarget section */

/* Begin PBXProject section */
		485009DA1E2FF23B009B6610 /* Project object */ = {
			isa = PBXProject;
			attributes = {
				LastUpgradeCheck = 920;
				ORGANIZATIONNAME = Walmart;
				TargetAttributes = {
					485009E21E2FF23B009B6610 = {
						CreatedOnToolsVersion = 8.2.1;
						ProvisioningStyle = Automatic;
					};
					485009EB1E2FF23C009B6610 = {
						CreatedOnToolsVersion = 8.2.1;
						DevelopmentTeam = DXZ5VF8836;
						ProvisioningStyle = Automatic;
					};
				};
			};
			buildConfigurationList = 485009DD1E2FF23B009B6610 /* Build configuration list for PBXProject "ElectrodeContainer" */;
			compatibilityVersion = "Xcode 3.2";
			developmentRegion = English;
			hasScannedForEncodings = 0;
			knownRegions = (
				en,
			);
			mainGroup = 485009D91E2FF23B009B6610;
			productRefGroup = 485009E41E2FF23B009B6610 /* Products */;
			projectDirPath = "";
			projectRoot = "";
			targets = (
				485009E21E2FF23B009B6610 /* ElectrodeContainer */,
				485009EB1E2FF23C009B6610 /* ElectrodeContainerTests */,
			);
		};
/* End PBXProject section */

/* Begin PBXResourcesBuildPhase section */
		485009E11E2FF23B009B6610 /* Resources */ = {
			isa = PBXResourcesBuildPhase;
			buildActionMask = 2147483647;
			files = (
				22BF1FEB1E8DAAF800E7F500 /* assets in Resources */,
				223A89461E89CDC70092741E /* MiniApp.jsbundle in Resources */,
			);
			runOnlyForDeploymentPostprocessing = 0;
		};
		485009EA1E2FF23C009B6610 /* Resources */ = {
			isa = PBXResourcesBuildPhase;
			buildActionMask = 2147483647;
			files = (
			);
			runOnlyForDeploymentPostprocessing = 0;
		};
/* End PBXResourcesBuildPhase section */

/* Begin PBXShellScriptBuildPhase section */
		A1FA221EFC629ADFF06374C7 /* [CP] Copy Pods Resources */ = {
			isa = PBXShellScriptBuildPhase;
			buildActionMask = 2147483647;
			files = (
			);
			inputPaths = (
				"${PODS_ROOT}/Target Support Files/Pods-ElectrodeContainer/Pods-ElectrodeContainer-resources.sh",
				"${PODS_CONFIGURATION_BUILD_DIR}/React-Core/AccessibilityResources.bundle",
			);
			name = "[CP] Copy Pods Resources";
			outputPaths = (
				"${TARGET_BUILD_DIR}/${UNLOCALIZED_RESOURCES_FOLDER_PATH}/AccessibilityResources.bundle",
			);
			runOnlyForDeploymentPostprocessing = 0;
			shellPath = /bin/sh;
			shellScript = "\"${PODS_ROOT}/Target Support Files/Pods-ElectrodeContainer/Pods-ElectrodeContainer-resources.sh\"\n";
			showEnvVarsInLog = 0;
		};
		CFDA7CB21EF73480C1D393E4 /* [CP] Check Pods Manifest.lock */ = {
			isa = PBXShellScriptBuildPhase;
			buildActionMask = 2147483647;
			files = (
			);
			inputFileListPaths = (
			);
			inputPaths = (
				"${PODS_PODFILE_DIR_PATH}/Podfile.lock",
				"${PODS_ROOT}/Manifest.lock",
			);
			name = "[CP] Check Pods Manifest.lock";
			outputFileListPaths = (
			);
			outputPaths = (
				"$(DERIVED_FILE_DIR)/Pods-ElectrodeContainer-checkManifestLockResult.txt",
			);
			runOnlyForDeploymentPostprocessing = 0;
			shellPath = /bin/sh;
			shellScript = "diff \"${PODS_PODFILE_DIR_PATH}/Podfile.lock\" \"${PODS_ROOT}/Manifest.lock\" > /dev/null\nif [ $? != 0 ] ; then\n    # print error to STDERR\n    echo \"error: The sandbox is not in sync with the Podfile.lock. Run 'pod install' or update your CocoaPods installation.\" >&2\n    exit 1\nfi\n# This output is used by Xcode 'outputs' to avoid re-running this script phase.\necho \"SUCCESS\" > \"${SCRIPT_OUTPUT_FILE_0}\"\n";
			showEnvVarsInLog = 0;
		};
/* End PBXShellScriptBuildPhase section */

/* Begin PBXSourcesBuildPhase section */
		485009DE1E2FF23B009B6610 /* Sources */ = {
			isa = PBXSourcesBuildPhase;
			buildActionMask = 2147483647;
			files = (
				48500A991E2FF55B009B6610 /* ElectrodeReactNative.m in Sources */,
				301CB9021F33F3450048C58B /* NSBundle+frameworkBundle.m in Sources */,
				968333D81E54E3470031C565 /* ElectrodeBridgeDelegate.m in Sources */,
				DA42DF5E233C1B0500046338 /* ERNDevSettingsViewController.m in Sources */,
				DA42DF5D233C1B0500046338 /* ElectrodeBundle.m in Sources */,
				954EEC59AA0B4164AD71CC1E /* EnNavigationAPI.swift in Sources */,
				F8688938635944CFB98909CE /* EnNavigationEvents.swift in Sources */,
				F982C5011D0C46838578586E /* EnNavigationRequests.swift in Sources */,
				D63B08D370B64C1AB4B37805 /* ErnNavRoute.swift in Sources */,
				9582185EF05E4B30A8932175 /* NavEventData.swift in Sources */,
				45C8A9CABC4F46EE91E9F2F0 /* NavigationBar.swift in Sources */,
				EB31E43111484F088B219380 /* NavigationBarButton.swift in Sources */,
				902A35010366402283CAC399 /* NavigationBarLeftButton.swift in Sources */,
				D468627759724637A4B7BBAF /* EnNavigationApiController.swift in Sources */,
				61B6CB37E2614DFD9CCF2038 /* EnNavigationApiRequestHandlerDelegate.swift in Sources */,
				06F88AE2209A4DBFA4C364B5 /* EnNavigationApiRequestHandlerProvider.swift in Sources */,
				8A63F61EF5CE42889E507D77 /* RequestHandlerConfig.swift in Sources */,
				050376D01CE34461A2FB59A1 /* RequestHandlerProvider.swift in Sources */,
				17FCACA13E91420CAC453FB0 /* ENCoreDelegate.swift in Sources */,
				3002F2EECBA948A2BF98FD3E /* ENMiniAppDataProvider.swift in Sources */,
				E0347089B953488591ED412F /* ENBarButtonItem.swift in Sources */,
				CDF6550D1BFD48E89EE5A7DB /* ENBaseNavigationController.swift in Sources */,
				C94456E738E8428091595A07 /* ENMiniAppNavDataProvider.swift in Sources */,
				9E8DA77FACE04B9289CCF67F /* ENNavigationAPIImpl.swift in Sources */,
				EFF04712DAEA4F8D8DFCB996 /* ENNavigationBarState.swift in Sources */,
				B57D6E17447B464ABED90DDC /* ENNavigationDelegate.swift in Sources */,
				E72A1E736357429398E770D7 /* ENNavigationProtocol.swift in Sources */,
				241C2FF1A41E4410AE8D10CA /* ENNavigationUtils.swift in Sources */,
				7987D0F689E445B69C73D064 /* ENOverlayProtocol.swift in Sources */,
				A66797F3563C41AFA7D4465F /* MiniAppNavViewController.swift in Sources */,
				530E706146304B6B96090AD0 /* ElectrodeObject.swift in Sources */,
				F4BFE7D5335A418094634683 /* Bridgeable.swift in Sources */,
				6B4765973EB24C3D9E8A9B3B /* ElectrodeRequestHandlerProcessor.swift in Sources */,
				9840FBA013D54A3B9832A6C7 /* ElectrodeRequestProcessor.swift in Sources */,
				43048B40DD9C44C38D47A065 /* ElectrodeUtilities.swift in Sources */,
				E2BA67683CFD4BD6B001C584 /* EventListenerProcessor.swift in Sources */,
				22580E48AD364579A56E070A /* EventProcessor.swift in Sources */,
				5FD1374AC8844FD08873F0A4 /* Processor.swift in Sources */,
				D835707FAFF14E48920B292F /* None.swift in Sources */,
				D7A02C290D094AC1AD31BB53 /* ElectrodeBridgeEvent.m in Sources */,
				854C0E69822A4D2BA4A099E0 /* ElectrodeBridgeFailureMessage.m in Sources */,
				7E2A8FF652D74E02833998FD /* ElectrodeBridgeHolder.m in Sources */,
				1E2F1875B4284EEAA65312FF /* ElectrodeBridgeMessage.m in Sources */,
				69426244E8AF472B88E8314C /* ElectrodeBridgeProtocols.m in Sources */,
				D1FFF7D79E904743A0ABEC7E /* ElectrodeBridgeRequest.m in Sources */,
				C64885A081514B68B97F0FA0 /* ElectrodeBridgeResponse.m in Sources */,
				105C1FDCA1D0424EA564204D /* ElectrodeBridgeTransaction.m in Sources */,
				48EE7764F3DC4E6EA532B220 /* ElectrodeBridgeTransceiver.m in Sources */,
				7F3319C0D0084B06AAFE8013 /* ElectrodeEventDispatcher.m in Sources */,
				4412A26829DA44C79370F551 /* ElectrodeEventRegistrar.m in Sources */,
				A05969539D294DFB815425F6 /* ElectrodeRequestDispatcher.m in Sources */,
				41FDD85EE06E42CBAC87E0BF /* ElectrodeRequestRegistrar.m in Sources */,
				78D68ADFB5F64CF58896B00E /* ElectrodeLogger.m in Sources */,
				31D91D71383643719DDDA170 /* MiniAppsConfig.swift in Sources */,
				A9F3F7AFAC7F41DCAB41FE1C /* EndeavorminiappNavigationController.swift in Sources */,
			);
			runOnlyForDeploymentPostprocessing = 0;
		};
		485009E81E2FF23C009B6610 /* Sources */ = {
			isa = PBXSourcesBuildPhase;
			buildActionMask = 2147483647;
			files = (
			);
			runOnlyForDeploymentPostprocessing = 0;
		};
/* End PBXSourcesBuildPhase section */

/* Begin PBXTargetDependency section */
		485009EF1E2FF23C009B6610 /* PBXTargetDependency */ = {
			isa = PBXTargetDependency;
			target = 485009E21E2FF23B009B6610 /* ElectrodeContainer */;
			targetProxy = 485009EE1E2FF23C009B6610 /* PBXContainerItemProxy */;
		};
/* End PBXTargetDependency section */

/* Begin XCBuildConfiguration section */
		303268E41EA8139700A41A8F /* QADeployment */ = {
			isa = XCBuildConfiguration;
			baseConfigurationReference = 22CB683D20C9C46A0031A349 /* Project-QADeployment.xcconfig */;
			buildSettings = {
				"EXCLUDED_ARCHS[sdk=iphonesimulator*]" = "";
			};
			name = QADeployment;
		};
		303268E51EA8139700A41A8F /* QADeployment */ = {
			isa = XCBuildConfiguration;
			baseConfigurationReference = 22CB684020C9C46A0031A349 /* ElectrodeContainer-QADeployment.xcconfig */;
			buildSettings = {
			};
			name = QADeployment;
		};
		303268E61EA8139700A41A8F /* QADeployment */ = {
			isa = XCBuildConfiguration;
			baseConfigurationReference = 22CB684620C9C46A0031A349 /* ElectrodeContainerTests-QADeployment.xcconfig */;
			buildSettings = {
			};
			name = QADeployment;
		};
		485009F51E2FF23C009B6610 /* Debug */ = {
			isa = XCBuildConfiguration;
			baseConfigurationReference = 22CB684720C9C46A0031A349 /* Project-Debug.xcconfig */;
			buildSettings = {
				"EXCLUDED_ARCHS[sdk=iphonesimulator*]" = "";
			};
			name = Debug;
		};
		485009F61E2FF23C009B6610 /* Release */ = {
			isa = XCBuildConfiguration;
			baseConfigurationReference = 22CB683E20C9C46A0031A349 /* Project-Release.xcconfig */;
			buildSettings = {
				"EXCLUDED_ARCHS[sdk=iphonesimulator*]" = "";
			};
			name = Release;
		};
		485009F81E2FF23C009B6610 /* Debug */ = {
			isa = XCBuildConfiguration;
			baseConfigurationReference = 22CB684120C9C46A0031A349 /* ElectrodeContainer-Debug.xcconfig */;
			buildSettings = {
			};
			name = Debug;
		};
		485009F91E2FF23C009B6610 /* Release */ = {
			isa = XCBuildConfiguration;
			baseConfigurationReference = 22CB684220C9C46A0031A349 /* ElectrodeContainer-Release.xcconfig */;
			buildSettings = {
			};
			name = Release;
		};
		485009FB1E2FF23C009B6610 /* Debug */ = {
			isa = XCBuildConfiguration;
			baseConfigurationReference = 22CB684820C9C46B0031A349 /* ElectrodeContainerTests-Debug.xcconfig */;
			buildSettings = {
			};
			name = Debug;
		};
		485009FC1E2FF23C009B6610 /* Release */ = {
			isa = XCBuildConfiguration;
			baseConfigurationReference = 22CB684420C9C46A0031A349 /* ElectrodeContainerTests-Release.xcconfig */;
			buildSettings = {
			};
			name = Release;
		};
/* End XCBuildConfiguration section */

/* Begin XCConfigurationList section */
		485009DD1E2FF23B009B6610 /* Build configuration list for PBXProject "ElectrodeContainer" */ = {
			isa = XCConfigurationList;
			buildConfigurations = (
				485009F51E2FF23C009B6610 /* Debug */,
				303268E41EA8139700A41A8F /* QADeployment */,
				485009F61E2FF23C009B6610 /* Release */,
			);
			defaultConfigurationIsVisible = 0;
			defaultConfigurationName = Release;
		};
		485009F71E2FF23C009B6610 /* Build configuration list for PBXNativeTarget "ElectrodeContainer" */ = {
			isa = XCConfigurationList;
			buildConfigurations = (
				485009F81E2FF23C009B6610 /* Debug */,
				303268E51EA8139700A41A8F /* QADeployment */,
				485009F91E2FF23C009B6610 /* Release */,
			);
			defaultConfigurationIsVisible = 0;
			defaultConfigurationName = Release;
		};
		485009FA1E2FF23C009B6610 /* Build configuration list for PBXNativeTarget "ElectrodeContainerTests" */ = {
			isa = XCConfigurationList;
			buildConfigurations = (
				485009FB1E2FF23C009B6610 /* Debug */,
				303268E61EA8139700A41A8F /* QADeployment */,
				485009FC1E2FF23C009B6610 /* Release */,
			);
			defaultConfigurationIsVisible = 0;
			defaultConfigurationName = Release;
		};
/* End XCConfigurationList section */
	};
	rootObject = 485009DA1E2FF23B009B6610 /* Project object */;
}
